<?xml version="1.0" encoding="utf-8"?>
<Project ToolsVersion="4.0" xmlns="http://schemas.microsoft.com/developer/msbuild/2003">
  <ItemGroup>
    <Filter Include="Source Files">
      <UniqueIdentifier>{4FC737F1-C7A5-4376-A066-2A32D752A2FF}</UniqueIdentifier>
      <Extensions>cpp;c;cc;cxx;c++;def;odl;idl;hpj;bat;asm;asmx</Extensions>
    </Filter>
    <Filter Include="Resource Files">
      <UniqueIdentifier>{67DA6AB6-F800-4c08-8B7A-83BB121AAD01}</UniqueIdentifier>
      <Extensions>rc;ico;cur;bmp;dlg;rc2;rct;bin;rgs;gif;jpg;jpeg;jpe;resx;tiff;tif;png;wav;mfcribbon-ms</Extensions>
    </Filter>
    <Filter Include="Source Files\utils">
      <UniqueIdentifier>{dbf9e34f-5e8c-4f06-906e-83383d8b02bd}</UniqueIdentifier>
    </Filter>
    <Filter Include="Source Files\loader">
      <UniqueIdentifier>{555838c5-80e0-45b1-9cac-5a5f1f52fba9}</UniqueIdentifier>
    </Filter>
  </ItemGroup>
  <ItemGroup>
    <ClCompile Include="main.cpp">
      <Filter>Source Files</Filter>
    </ClCompile>
    <ClCompile Include="utils\FileSystem.cpp">
      <Filter>Source Files\utils</Filter>
    </ClCompile>
    <ClCompile Include="utils\WindowsCommon.cpp">
      <Filter>Source Files\utils</Filter>
    </ClCompile>
    <ClCompile Include="utils\Translator.cpp">
      <Filter>Source Files\utils</Filter>
    </ClCompile>
    <ClCompile Include="utils\AppOneInstanceGuard.cpp">
      <Filter>Source Files\utils</Filter>
    </ClCompile>
    <ClCompile Include="utils\ConfigFile.cpp">
      <Filter>Source Files\utils</Filter>
    </ClCompile>
    <ClCompile Include="utils\TaskScheduler.cpp">
      <Filter>Source Files\utils</Filter>
    </ClCompile>
    <ClCompile Include="loader\BaseWindow.cpp">
      <Filter>Source Files\loader</Filter>
    </ClCompile>
    <ClCompile Include="loader\TrayIcon.cpp">
      <Filter>Source Files\loader</Filter>
    </ClCompile>
    <ClCompile Include="loader\LoaderApp.cpp">
      <Filter>Source Files\loader</Filter>
    </ClCompile>
    <ClCompile Include="loader\AfterburnerController.cpp">
      <Filter>Source Files\loader</Filter>
    </ClCompile>
  </ItemGroup>
  <ItemGroup>
    <Image Include="Resources\small.ico">
      <Filter>Resource Files</Filter>
    </Image>
    <Image Include="resources\notification.ico">
      <Filter>Resource Files</Filter>
    </Image>
    <Image Include="resources\big.ico">
      <Filter>Resource Files</Filter>
    </Image>
  </ItemGroup>
  <ItemGroup>
    <ClInclude Include="Resources\resource.h">
      <Filter>Resource Files</Filter>
    </ClInclude>
    <ClInclude Include="utils\FileSystem.h">
      <Filter>Source Files\utils</Filter>
    </ClInclude>
    <ClInclude Include="utils\WindowsCommon.h">
      <Filter>Source Files\utils</Filter>
    </ClInclude>
    <ClInclude Include="utils\Translator.h">
      <Filter>Source Files\utils</Filter>
    </ClInclude>
    <ClInclude Include="utils\AppOneInstanceGuard.h">
      <Filter>Source Files\utils</Filter>
    </ClInclude>
    <ClInclude Include="utils\ConfigFile.h">
      <Filter>Source Files\utils</Filter>
    </ClInclude>
    <ClInclude Include="utils\TaskScheduler.h">
      <Filter>Source Files\utils</Filter>
    </ClInclude>
    <ClInclude Include="loader\BaseWindow.h">
      <Filter>Source Files\loader</Filter>
    </ClInclude>
    <ClInclude Include="loader\TrayIcon.h">
      <Filter>Source Files\loader</Filter>
    </ClInclude>
    <ClInclude Include="loader\ILoaderApp.h">
      <Filter>Source Files\loader</Filter>
    </ClInclude>
    <ClInclude Include="loader\LoaderApp.h">
      <Filter>Source Files\loader</Filter>
    </ClInclude>
    <ClInclude Include="resources\targetver.h">
      <Filter>Resource Files</Filter>
    </ClInclude>
    <ClInclude Include="loader\AfterburnerController.h">
      <Filter>Source Files\loader</Filter>
    </ClInclude>
  </ItemGroup>
  <ItemGroup>
    <ResourceCompile Include="resources\resource.rc">
      <Filter>Resource Files</Filter>
    </ResourceCompile>
  </ItemGroup>
</Project>